
Microsoft Visual Studio Solution File, Format Version 11.00
# Visual Studio 2010
Project("{8BC9CEB8-8B4A-11D0-8D11-00A0C91BC942}") = "numericCheck", "numericCheck\numericCheck.vcxproj", "{D29D618A-3D06-4688-8139-29EC024C302E}"
EndProject
Global
	GlobalSection(SolutionConfigurationPlatforms) = preSolution
		Debug|Win32 = Debug|Win32
		Release|Win32 = Release|Win32
	EndGlobalSection
	GlobalSection(ProjectConfigurationPlatforms) = postSolution
		{D29D618A-3D06-4688-8139-29EC024C302E}.Debug|Win32.ActiveCfg = Debug|Win32
		{D29D618A-3D06-4688-8139-29EC024C302E}.Debug|Win32.Build.0 = Debug|Win32
		{D29D618A-3D06-4688-8139-29EC024C302E}.Release|Win32.ActiveCfg = Release|Win32
		{D29D618A-3D06-4688-8139-29EC024C302E}.Release|Win32.Build.0 = Release|Win32
	EndGlobalSection
	GlobalSection(SolutionProperties) = preSolution
		HideSolutionNode = FALSE
	EndGlobalSection
EndGlobal
